
Microsoft Visual Studio Solution File, Format Version 12.00
Project("{FAE04EC0-301F-11D3-BF4B-00C04F79EFBC}") = "NProcess", "srcs\NProcess.csproj", "{056178F0-EF6F-4E93-974A-1961BB7E3BF4}"
EndProject
Global
	GlobalSection(SolutionConfigurationPlatforms) = preSolution
		Debug|Any CPU = Debug|Any CPU
		Release|Any CPU = Release|Any CPU
	EndGlobalSection
	GlobalSection(ProjectConfigurationPlatforms) = postSolution
		{056178F0-EF6F-4E93-974A-1961BB7E3BF4}.Debug|Any CPU.ActiveCfg = Debug|Any CPU
		{056178F0-EF6F-4E93-974A-1961BB7E3BF4}.Debug|Any CPU.Build.0 = Debug|Any CPU
		{056178F0-EF6F-4E93-974A-1961BB7E3BF4}.Release|Any CPU.ActiveCfg = Release|Any CPU
		{056178F0-EF6F-4E93-974A-1961BB7E3BF4}.Release|Any CPU.Build.0 = Release|Any CPU
	EndGlobalSection
EndGlobal
